
Microsoft Visual Studio Solution File, Format Version 12.00
# Visual Studio Version 17
VisualStudioVersion = 17.14.36518.9
MinimumVisualStudioVersion = 10.0.40219.1
Project("{FAE04EC0-301F-11D3-BF4B-00C04F79EFBC}") = "Midterm_EquipmentRental_Team1_API", "Midterm_EquipmentRental_Team1_API\Midterm_EquipmentRental_Team1_API.csproj", "{D184AC19-0008-4826-A54E-A628FDB0A2DA}"
	ProjectSection(ProjectDependencies) = postProject
		{DCC324C5-2835-4906-8A8E-25869C931170} = {DCC324C5-2835-4906-8A8E-25869C931170}
	EndProjectSection
EndProject
Project("{FAE04EC0-301F-11D3-BF4B-00C04F79EFBC}") = "Midterm_EquipmentRental_Team1_UI", "Midterm_EquipmentRental_Team1_UI\Midterm_EquipmentRental_Team1_UI.csproj", "{48564417-B27C-4BF4-80D6-1B3689B2387C}"
EndProject
Project("{FAE04EC0-301F-11D3-BF4B-00C04F79EFBC}") = "Midterm_EquipmentRental_Team1_Models", "Midterm_EquipmentRental_Team1_Models\Midterm_EquipmentRental_Team1_Models.csproj", "{DCC324C5-2835-4906-8A8E-25869C931170}"
EndProject
Global
	GlobalSection(SolutionConfigurationPlatforms) = preSolution
		Debug|Any CPU = Debug|Any CPU
		Release|Any CPU = Release|Any CPU
	EndGlobalSection
	GlobalSection(ProjectConfigurationPlatforms) = postSolution
		{D184AC19-0008-4826-A54E-A628FDB0A2DA}.Debug|Any CPU.ActiveCfg = Debug|Any CPU
		{D184AC19-0008-4826-A54E-A628FDB0A2DA}.Debug|Any CPU.Build.0 = Debug|Any CPU
		{D184AC19-0008-4826-A54E-A628FDB0A2DA}.Release|Any CPU.ActiveCfg = Release|Any CPU
		{D184AC19-0008-4826-A54E-A628FDB0A2DA}.Release|Any CPU.Build.0 = Release|Any CPU
		{48564417-B27C-4BF4-80D6-1B3689B2387C}.Debug|Any CPU.ActiveCfg = Debug|Any CPU
		{48564417-B27C-4BF4-80D6-1B3689B2387C}.Debug|Any CPU.Build.0 = Debug|Any CPU
		{48564417-B27C-4BF4-80D6-1B3689B2387C}.Release|Any CPU.ActiveCfg = Release|Any CPU
		{48564417-B27C-4BF4-80D6-1B3689B2387C}.Release|Any CPU.Build.0 = Release|Any CPU
		{DCC324C5-2835-4906-8A8E-25869C931170}.Debug|Any CPU.ActiveCfg = Debug|Any CPU
		{DCC324C5-2835-4906-8A8E-25869C931170}.Debug|Any CPU.Build.0 = Debug|Any CPU
		{DCC324C5-2835-4906-8A8E-25869C931170}.Release|Any CPU.ActiveCfg = Release|Any CPU
		{DCC324C5-2835-4906-8A8E-25869C931170}.Release|Any CPU.Build.0 = Release|Any CPU
	EndGlobalSection
	GlobalSection(SolutionProperties) = preSolution
		HideSolutionNode = FALSE
	EndGlobalSection
	GlobalSection(ExtensibilityGlobals) = postSolution
		SolutionGuid = {493E53C4-57D3-4FCA-BA37-6288961D742E}
	EndGlobalSection
EndGlobal
